// !$*UTF8*$!
{
	archiveVersion = 1;
	classes = {
	};
	objectVersion = 50;
	objects = {

/* Begin PBXBuildFile section */
		06D2082720E5DA32008D2CB1 /* AppDelegate.m in Sources */ = {isa = PBXBuildFile; fileRef = 06D2082620E5DA32008D2CB1 /* AppDelegate.m */; };
		06D2082A20E5DA32008D2CB1 /* ViewController.m in Sources */ = {isa = PBXBuildFile; fileRef = 06D2082920E5DA32008D2CB1 /* ViewController.m */; };
		06D2082D20E5DA33008D2CB1 /* Main.storyboard in Resources */ = {isa = PBXBuildFile; fileRef = 06D2082B20E5DA33008D2CB1 /* Main.storyboard */; };
		06D2082F20E5DA33008D2CB1 /* Assets.xcassets in Resources */ = {isa = PBXBuildFile; fileRef = 06D2082E20E5DA33008D2CB1 /* Assets.xcassets */; };
		06D2083220E5DA33008D2CB1 /* LaunchScreen.storyboard in Resources */ = {isa = PBXBuildFile; fileRef = 06D2083020E5DA33008D2CB1 /* LaunchScreen.storyboard */; };
		06D2083520E5DA33008D2CB1 /* main.m in Sources */ = {isa = PBXBuildFile; fileRef = 06D2083420E5DA33008D2CB1 /* main.m */; };
		06D2083D20E5DB9F008D2CB1 /* UIView+GradientBackground.m in Sources */ = {isa = PBXBuildFile; fileRef = 06D2083B20E5DB9F008D2CB1 /* UIView+GradientBackground.m */; };
/* End PBXBuildFile section */

/* Begin PBXFileReference section */
		06D2082220E5DA32008D2CB1 /* UIView-GradientBackground.app */ = {isa = PBXFileReference; explicitFileType = wrapper.application; includeInIndex = 0; path = "UIView-GradientBackground.app"; sourceTree = BUILT_PRODUCTS_DIR; };
		06D2082520E5DA32008D2CB1 /* AppDelegate.h */ = {isa = PBXFileReference; lastKnownFileType = sourcecode.c.h; path = AppDelegate.h; sourceTree = "<group>"; };
		06D2082620E5DA32008D2CB1 /* AppDelegate.m */ = {isa = PBXFileReference; lastKnownFileType = sourcecode.c.objc; path = AppDelegate.m; sourceTree = "<group>"; };
		06D2082820E5DA32008D2CB1 /* ViewController.h */ = {isa = PBXFileReference; lastKnownFileType = sourcecode.c.h; path = ViewController.h; sourceTree = "<group>"; };
		06D2082920E5DA32008D2CB1 /* ViewController.m */ = {isa = PBXFileReference; lastKnownFileType = sourcecode.c.objc; path = ViewController.m; sourceTree = "<group>"; };
		06D2082C20E5DA33008D2CB1 /* Base */ = {isa = PBXFileReference; lastKnownFileType = file.storyboard; name = Base; path = Base.lproj/Main.storyboard; sourceTree = "<group>"; };
		06D2082E20E5DA33008D2CB1 /* Assets.xcassets */ = {isa = PBXFileReference; lastKnownFileType = folder.assetcatalog; path = Assets.xcassets; sourceTree = "<group>"; };
		06D2083120E5DA33008D2CB1 /* Base */ = {isa = PBXFileReference; lastKnownFileType = file.storyboard; name = Base; path = Base.lproj/LaunchScreen.storyboard; sourceTree = "<group>"; };
		06D2083320E5DA33008D2CB1 /* Info.plist */ = {isa = PBXFileReference; lastKnownFileType = text.plist.xml; path = Info.plist; sourceTree = "<group>"; };
		06D2083420E5DA33008D2CB1 /* main.m */ = {isa = PBXFileReference; lastKnownFileType = sourcecode.c.objc; path = main.m; sourceTree = "<group>"; };
		06D2083B20E5DB9F008D2CB1 /* UIView+GradientBackground.m */ = {isa = PBXFileReference; fileEncoding = 4; lastKnownFileType = sourcecode.c.objc; path = "UIView+GradientBackground.m"; sourceTree = "<group>"; };
		06D2083C20E5DB9F008D2CB1 /* UIView+GradientBackground.h */ = {isa = PBXFileReference; fileEncoding = 4; lastKnownFileType = sourcecode.c.h; path = "UIView+GradientBackground.h"; sourceTree = "<group>"; };
/* End PBXFileReference section */

/* Begin PBXFrameworksBuildPhase section */
		06D2081F20E5DA32008D2CB1 /* Frameworks */ = {
			isa = PBXFrameworksBuildPhase;
			buildActionMask = 2147483647;
			files = (
			);
			runOnlyForDeploymentPostprocessing = 0;
		};
/* End PBXFrameworksBuildPhase section */

/* Begin PBXGroup section */
		06D2081920E5DA32008D2CB1 = {
			isa = PBXGroup;
			children = (
				06D2082420E5DA32008D2CB1 /* UIView-GradientBackground */,
				06D2082320E5DA32008D2CB1 /* Products */,
			);
			sourceTree = "<group>";
		};
		06D2082320E5DA32008D2CB1 /* Products */ = {
			isa = PBXGroup;
			children = (
				06D2082220E5DA32008D2CB1 /* UIView-GradientBackground.app */,
			);
			name = Products;
			sourceTree = "<group>";
		};
		06D2082420E5DA32008D2CB1 /* UIView-GradientBackground */ = {
			isa = PBXGroup;
			children = (
				06D2083C20E5DB9F008D2CB1 /* UIView+GradientBackground.h */,
				06D2083B20E5DB9F008D2CB1 /* UIView+GradientBackground.m */,
				06D2082520E5DA32008D2CB1 /* AppDelegate.h */,
				06D2082620E5DA32008D2CB1 /* AppDelegate.m */,
				06D2082820E5DA32008D2CB1 /* ViewController.h */,
				06D2082920E5DA32008D2CB1 /* ViewController.m */,
				06D2082B20E5DA33008D2CB1 /* Main.storyboard */,
				06D2082E20E5DA33008D2CB1 /* Assets.xcassets */,
				06D2083020E5DA33008D2CB1 /* LaunchScreen.storyboard */,
				06D2083320E5DA33008D2CB1 /* Info.plist */,
				06D2083420E5DA33008D2CB1 /* main.m */,
			);
			path = "UIView-GradientBackground";
			sourceTree = "<group>";
		};
/* End PBXGroup section */

/* Begin PBXNativeTarget section */
		06D2082120E5DA32008D2CB1 /* UIView-GradientBackground */ = {
			isa = PBXNativeTarget;
			buildConfigurationList = 06D2083820E5DA33008D2CB1 /* Build configuration list for PBXNativeTarget "UIView-GradientBackground" */;
			buildPhases = (
				06D2081E20E5DA32008D2CB1 /* Sources */,
				06D2081F20E5DA32008D2CB1 /* Frameworks */,
				06D2082020E5DA32008D2CB1 /* Resources */,
			);
			buildRules = (
			);
			dependencies = (
			);
			name = "UIView-GradientBackground";
			productName = "UIView-GradientBackground";
			productReference = 06D2082220E5DA32008D2CB1 /* UIView-GradientBackground.app */;
			productType = "com.apple.product-type.application";
		};
/* End PBXNativeTarget section */

/* Begin PBXProject section */
		06D2081A20E5DA32008D2CB1 /* Project object */ = {
			isa = PBXProject;
			attributes = {
				LastUpgradeCheck = 0940;
				ORGANIZATIONNAME = com.qcc;
				TargetAttributes = {
					06D2082120E5DA32008D2CB1 = {
						CreatedOnToolsVersion = 9.4.1;
					};
				};
			};
			buildConfigurationList = 06D2081D20E5DA32008D2CB1 /* Build configuration list for PBXProject "UIView-GradientBackground" */;
			compatibilityVersion = "Xcode 9.3";
			developmentRegion = en;
			hasScannedForEncodings = 0;
			knownRegions = (
				en,
				Base,
			);
			mainGroup = 06D2081920E5DA32008D2CB1;
			productRefGroup = 06D2082320E5DA32008D2CB1 /* Products */;
			projectDirPath = "";
			projectRoot = "";
			targets = (
				06D2082120E5DA32008D2CB1 /* UIView-GradientBackground */,
			);
		};
/* End PBXProject section */

/* Begin PBXResourcesBuildPhase section */
		06D2082020E5DA32008D2CB1 /* Resources */ = {
			isa = PBXResourcesBuildPhase;
			buildActionMask = 2147483647;
			files = (
				06D2083220E5DA33008D2CB1 /* LaunchScreen.storyboard in Resources */,
				06D2082F20E5DA33008D2CB1 /* Assets.xcassets in Resources */,
				06D2082D20E5DA33008D2CB1 /* Main.storyboard in Resources */,
			);
			runOnlyForDeploymentPostprocessing = 0;
		};
/* End PBXResourcesBuildPhase section */

/* Begin PBXSourcesBuildPhase section */
		06D2081E20E5DA32008D2CB1 /* Sources */ = {
			isa = PBXSourcesBuildPhase;
			buildActionMask = 2147483647;
			files = (
				06D2083D20E5DB9F008D2CB1 /* UIView+GradientBackground.m in Sources */,
				06D2082A20E5DA32008D2CB1 /* ViewController.m in Sources */,
				06D2083520E5DA33008D2CB1 /* main.m in Sources */,
				06D2082720E5DA32008D2CB1 /* AppDelegate.m in Sources */,
			);
			runOnlyForDeploymentPostprocessing = 0;
		};
/* End PBXSourcesBuildPhase section */

/* Begin PBXVariantGroup section */
		06D2082B20E5DA33008D2CB1 /* Main.storyboard */ = {
			isa = PBXVariantGroup;
			children = (
				06D2082C20E5DA33008D2CB1 /* Base */,
			);
			name = Main.storyboard;
			sourceTree = "<group>";
		};
		06D2083020E5DA33008D2CB1 /* LaunchScreen.storyboard */ = {
			isa = PBXVariantGroup;
			children = (
				06D2083120E5DA33008D2CB1 /* Base */,
			);
			name = LaunchScreen.storyboard;
			sourceTree = "<group>";
		};
/* End PBXVariantGroup section */

/* Begin XCBuildConfiguration section */
		06D2083620E5DA33008D2CB1 /* Debug */ = {
			isa = XCBuildConfiguration;
			buildSettings = {
				ALWAYS_SEARCH_USER_PATHS = NO;
				CLANG_ANALYZER_NONNULL = YES;
				CLANG_ANALYZER_NUMBER_OBJECT_CONVERSION = YES_AGGRESSIVE;
				CLANG_CXX_LANGUAGE_STANDARD = "gnu++14";
				CLANG_CXX_LIBRARY = "libc++";
				CLANG_ENABLE_MODULES = YES;
				CLANG_ENABLE_OBJC_ARC = YES;
				CLANG_ENABLE_OBJC_WEAK = YES;
				CLANG_WARN_BLOCK_CAPTURE_AUTORELEASING = YES;
				CLANG_WARN_BOOL_CONVERSION = YES;
				CLANG_WARN_COMMA = YES;
				CLANG_WARN_CONSTANT_CONVERSION = YES;
				CLANG_WARN_DEPRECATED_OBJC_IMPLEMENTATIONS = YES;
				CLANG_WARN_DIRECT_OBJC_ISA_USAGE = YES_ERROR;
				CLANG_WARN_DOCUMENTATION_COMMENTS = YES;
				CLANG_WARN_EMPTY_BODY = YES;
				CLANG_WARN_ENUM_CONVERSION = YES;
				CLANG_WARN_INFINITE_RECURSION = YES;
				CLANG_WARN_INT_CONVERSION = YES;
				CLANG_WARN_NON_LITERAL_NULL_CONVERSION = YES;
				CLANG_WARN_OBJC_IMPLICIT_RETAIN_SELF = YES;
				CLANG_WARN_OBJC_LITERAL_CONVERSION = YES;
				CLANG_WARN_OBJC_ROOT_CLASS = YES_ERROR;
				CLANG_WARN_RANGE_LOOP_ANALYSIS = YES;
				CLANG_WARN_STRICT_PROTOTYPES = YES;
				CLANG_WARN_SUSPICIOUS_MOVE = YES;
				CLANG_WARN_UNGUARDED_AVAILABILITY = YES_AGGRESSIVE;
				CLANG_WARN_UNREACHABLE_CODE = YES;
				CLANG_WARN__DUPLICATE_METHOD_MATCH = YES;
				CODE_SIGN_IDENTITY = "iPhone Developer";
				COPY_PHASE_STRIP = NO;
				DEBUG_INFORMATION_FORMAT = dwarf;
				ENABLE_STRICT_OBJC_MSGSEND = YES;
				ENABLE_TESTABILITY = YES;
				GCC_C_LANGUAGE_STANDARD = gnu11;
				GCC_DYNAMIC_NO_PIC = NO;
				GCC_NO_COMMON_BLOCKS = YES;
				GCC_OPTIMIZATION_LEVEL = 0;
				GCC_PREPROCESSOR_DEFINITIONS = (
					"DEBUG=1",
					"$(inherited)",
				);
				GCC_WARN_64_TO_32_BIT_CONVERSION = YES;
				GCC_WARN_ABOUT_RETURN_TYPE = YES_ERROR;
				GCC_WARN_UNDECLARED_SELECTOR = YES;
				GCC_WARN_UNINITIALIZED_AUTOS = YES_AGGRESSIVE;
				GCC_WARN_UNUSED_FUNCTION = YES;
				GCC_WARN_UNUSED_VARIABLE = YES;
				IPHONEOS_DEPLOYMENT_TARGET = 11.4;
				MTL_ENABLE_DEBUG_INFO = YES;
				ONLY_ACTIVE_ARCH = YES;
				SDKROOT = iphoneos;
			};
			name = Debug;
		};
		06D2083720E5DA33008D2CB1 /* Release */ = {
			isa = XCBuildConfiguration;
			buildSettings = {
				ALWAYS_SEARCH_USER_PATHS = NO;
				CLANG_ANALYZER_NONNULL = YES;
				CLANG_ANALYZER_NUMBER_OBJECT_CONVERSION = YES_AGGRESSIVE;
				CLANG_CXX_LANGUAGE_STANDARD = "gnu++14";
				CLANG_CXX_LIBRARY = "libc++";
				CLANG_ENABLE_MODULES = YES;
				CLANG_ENABLE_OBJC_ARC = YES;
				CLANG_ENABLE_OBJC_WEAK = YES;
				CLANG_WARN_BLOCK_CAPTURE_AUTORELEASING = YES;
				CLANG_WARN_BOOL_CONVERSION = YES;
				CLANG_WARN_COMMA = YES;
				CLANG_WARN_CONSTANT_CONVERSION = YES;
				CLANG_WARN_DEPRECATED_OBJC_IMPLEMENTATIONS = YES;
				CLANG_WARN_DIRECT_OBJC_ISA_USAGE = YES_ERROR;
				CLANG_WARN_DOCUMENTATION_COMMENTS = YES;
				CLANG_WARN_EMPTY_BODY = YES;
				CLANG_WARN_ENUM_CONVERSION = YES;
				CLANG_WARN_INFINITE_RECURSION = YES;
				CLANG_WARN_INT_CONVERSION = YES;
				CLANG_WARN_NON_LITERAL_NULL_CONVERSION = YES;
				CLANG_WARN_OBJC_IMPLICIT_RETAIN_SELF = YES;
				CLANG_WARN_OBJC_LITERAL_CONVERSION = YES;
				CLANG_WARN_OBJC_ROOT_CLASS = YES_ERROR;
				CLANG_WARN_RANGE_LOOP_ANALYSIS = YES;
				CLANG_WARN_STRICT_PROTOTYPES = YES;
				CLANG_WARN_SUSPICIOUS_MOVE = YES;
				CLANG_WARN_UNGUARDED_AVAILABILITY = YES_AGGRESSIVE;
				CLANG_WARN_UNREACHABLE_CODE = YES;
				CLANG_WARN__DUPLICATE_METHOD_MATCH = YES;
				CODE_SIGN_IDENTITY = "iPhone Developer";
				COPY_PHASE_STRIP = NO;
				DEBUG_INFORMATION_FORMAT = "dwarf-with-dsym";
				ENABLE_NS_ASSERTIONS = NO;
				ENABLE_STRICT_OBJC_MSGSEND = YES;
				GCC_C_LANGUAGE_STANDARD = gnu11;
				GCC_NO_COMMON_BLOCKS = YES;
				GCC_WARN_64_TO_32_BIT_CONVERSION = YES;
				GCC_WARN_ABOUT_RETURN_TYPE = YES_ERROR;
				GCC_WARN_UNDECLARED_SELECTOR = YES;
				GCC_WARN_UNINITIALIZED_AUTOS = YES_AGGRESSIVE;
				GCC_WARN_UNUSED_FUNCTION = YES;
				GCC_WARN_UNUSED_VARIABLE = YES;
				IPHONEOS_DEPLOYMENT_TARGET = 11.4;
				MTL_ENABLE_DEBUG_INFO = NO;
				SDKROOT = iphoneos;
				VALIDATE_PRODUCT = YES;
			};
			name = Release;
		};
		06D2083920E5DA33008D2CB1 /* Debug */ = {
			isa = XCBuildConfiguration;
			buildSettings = {
				ASSETCATALOG_COMPILER_APPICON_NAME = AppIcon;
				CODE_SIGN_STYLE = Automatic;
				DEVELOPMENT_TEAM = Y4E69MK58Q;
				INFOPLIST_FILE = "UIView-GradientBackground/Info.plist";
				IPHONEOS_DEPLOYMENT_TARGET = 9.0;
				LD_RUNPATH_SEARCH_PATHS = (
					"$(inherited)",
					"@executable_path/Frameworks",
				);
				PRODUCT_BUNDLE_IDENTIFIER = "com.qcc.UIView-GradientBackground";
				PRODUCT_NAME = "$(TARGET_NAME)";
				TARGETED_DEVICE_FAMILY = "1,2";
			};
			name = Debug;
		};
		06D2083A20E5DA33008D2CB1 /* Release */ = {
			isa = XCBuildConfiguration;
			buildSettings = {
				ASSETCATALOG_COMPILER_APPICON_NAME = AppIcon;
				CODE_SIGN_STYLE = Automatic;
				DEVELOPMENT_TEAM = Y4E69MK58Q;
				INFOPLIST_FILE = "UIView-GradientBackground/Info.plist";
				IPHONEOS_DEPLOYMENT_TARGET = 9.0;
				LD_RUNPATH_SEARCH_PATHS = (
					"$(inherited)",
					"@executable_path/Frameworks",
				);
				PRODUCT_BUNDLE_IDENTIFIER = "com.qcc.UIView-GradientBackground";
				PRODUCT_NAME = "$(TARGET_NAME)";
				TARGETED_DEVICE_FAMILY = "1,2";
			};
			name = Release;
		};
/* End XCBuildConfiguration section */

/* Begin XCConfigurationList section */
		06D2081D20E5DA32008D2CB1 /* Build configuration list for PBXProject "UIView-GradientBackground" */ = {
			isa = XCConfigurationList;
			buildConfigurations = (
				06D2083620E5DA33008D2CB1 /* Debug */,
				06D2083720E5DA33008D2CB1 /* Release */,
			);
			defaultConfigurationIsVisible = 0;
			defaultConfigurationName = Release;
		};
		06D2083820E5DA33008D2CB1 /* Build configuration list for PBXNativeTarget "UIView-GradientBackground" */ = {
			isa = XCConfigurationList;
			buildConfigurations = (
				06D2083920E5DA33008D2CB1 /* Debug */,
				06D2083A20E5DA33008D2CB1 /* Release */,
			);
			defaultConfigurationIsVisible = 0;
			defaultConfigurationName = Release;
		};
/* End XCConfigurationList section */
	};
	rootObject = 06D2081A20E5DA32008D2CB1 /* Project object */;
}
